// !$*UTF8*$!
{
	archiveVersion = 1;
	classes = {
	};
	objectVersion = 50;
	objects = {

/* Begin PBXBuildFile section */
		17A559F122E5DA52004BBE84 /* AppDelegate.m in Sources */ = {isa = PBXBuildFile; fileRef = 17A559F022E5DA52004BBE84 /* AppDelegate.m */; };
		17A559F422E5DA52004BBE84 /* ViewController.m in Sources */ = {isa = PBXBuildFile; fileRef = 17A559F322E5DA52004BBE84 /* ViewController.m */; };
		17A559F722E5DA52004BBE84 /* Main.storyboard in Resources */ = {isa = PBXBuildFile; fileRef = 17A559F522E5DA52004BBE84 /* Main.storyboard */; };
		17A559F922E5DA54004BBE84 /* Assets.xcassets in Resources */ = {isa = PBXBuildFile; fileRef = 17A559F822E5DA54004BBE84 /* Assets.xcassets */; };
		17A559FC22E5DA54004BBE84 /* LaunchScreen.storyboard in Resources */ = {isa = PBXBuildFile; fileRef = 17A559FA22E5DA54004BBE84 /* LaunchScreen.storyboard */; };
		17A559FF22E5DA54004BBE84 /* main.m in Sources */ = {isa = PBXBuildFile; fileRef = 17A559FE22E5DA54004BBE84 /* main.m */; };
		17A55A0922E5DA54004BBE84 /* UIImage___Tests.m in Sources */ = {isa = PBXBuildFile; fileRef = 17A55A0822E5DA54004BBE84 /* UIImage___Tests.m */; };
		17A55A1422E5DA54004BBE84 /* UIImage___UITests.m in Sources */ = {isa = PBXBuildFile; fileRef = 17A55A1322E5DA54004BBE84 /* UIImage___UITests.m */; };
		17A55A2322E5DA90004BBE84 /* MainView.m in Sources */ = {isa = PBXBuildFile; fileRef = 17A55A2222E5DA90004BBE84 /* MainView.m */; };
		17A55A2522E5DC64004BBE84 /* 2.jpg in Resources */ = {isa = PBXBuildFile; fileRef = 17A55A2422E5DC63004BBE84 /* 2.jpg */; };
		17A55A2822E5E0BB004BBE84 /* UIImage+MYImage.m in Sources */ = {isa = PBXBuildFile; fileRef = 17A55A2722E5E0BB004BBE84 /* UIImage+MYImage.m */; };
/* End PBXBuildFile section */

/* Begin PBXContainerItemProxy section */
		17A55A0522E5DA54004BBE84 /* PBXContainerItemProxy */ = {
			isa = PBXContainerItemProxy;
			containerPortal = 17A559E422E5DA52004BBE84 /* Project object */;
			proxyType = 1;
			remoteGlobalIDString = 17A559EB22E5DA52004BBE84;
			remoteInfo = "UIImage与绘图";
		};
		17A55A1022E5DA54004BBE84 /* PBXContainerItemProxy */ = {
			isa = PBXContainerItemProxy;
			containerPortal = 17A559E422E5DA52004BBE84 /* Project object */;
			proxyType = 1;
			remoteGlobalIDString = 17A559EB22E5DA52004BBE84;
			remoteInfo = "UIImage与绘图";
		};
/* End PBXContainerItemProxy section */

/* Begin PBXFileReference section */
		17A559EC22E5DA52004BBE84 /* UIImage与绘图.app */ = {isa = PBXFileReference; explicitFileType = wrapper.application; includeInIndex = 0; path = "UIImage与绘图.app"; sourceTree = BUILT_PRODUCTS_DIR; };
		17A559EF22E5DA52004BBE84 /* AppDelegate.h */ = {isa = PBXFileReference; lastKnownFileType = sourcecode.c.h; path = AppDelegate.h; sourceTree = "<group>"; };
		17A559F022E5DA52004BBE84 /* AppDelegate.m */ = {isa = PBXFileReference; lastKnownFileType = sourcecode.c.objc; path = AppDelegate.m; sourceTree = "<group>"; };
		17A559F222E5DA52004BBE84 /* ViewController.h */ = {isa = PBXFileReference; lastKnownFileType = sourcecode.c.h; path = ViewController.h; sourceTree = "<group>"; };
		17A559F322E5DA52004BBE84 /* ViewController.m */ = {isa = PBXFileReference; lastKnownFileType = sourcecode.c.objc; path = ViewController.m; sourceTree = "<group>"; };
		17A559F622E5DA52004BBE84 /* Base */ = {isa = PBXFileReference; lastKnownFileType = file.storyboard; name = Base; path = Base.lproj/Main.storyboard; sourceTree = "<group>"; };
		17A559F822E5DA54004BBE84 /* Assets.xcassets */ = {isa = PBXFileReference; lastKnownFileType = folder.assetcatalog; path = Assets.xcassets; sourceTree = "<group>"; };
		17A559FB22E5DA54004BBE84 /* Base */ = {isa = PBXFileReference; lastKnownFileType = file.storyboard; name = Base; path = Base.lproj/LaunchScreen.storyboard; sourceTree = "<group>"; };
		17A559FD22E5DA54004BBE84 /* Info.plist */ = {isa = PBXFileReference; lastKnownFileType = text.plist.xml; path = Info.plist; sourceTree = "<group>"; };
		17A559FE22E5DA54004BBE84 /* main.m */ = {isa = PBXFileReference; lastKnownFileType = sourcecode.c.objc; path = main.m; sourceTree = "<group>"; };
		17A55A0422E5DA54004BBE84 /* UIImage与绘图Tests.xctest */ = {isa = PBXFileReference; explicitFileType = wrapper.cfbundle; includeInIndex = 0; path = "UIImage与绘图Tests.xctest"; sourceTree = BUILT_PRODUCTS_DIR; };
		17A55A0822E5DA54004BBE84 /* UIImage___Tests.m */ = {isa = PBXFileReference; lastKnownFileType = sourcecode.c.objc; path = "UIImage___Tests.m"; sourceTree = "<group>"; };
		17A55A0A22E5DA54004BBE84 /* Info.plist */ = {isa = PBXFileReference; lastKnownFileType = text.plist.xml; path = Info.plist; sourceTree = "<group>"; };
		17A55A0F22E5DA54004BBE84 /* UIImage与绘图UITests.xctest */ = {isa = PBXFileReference; explicitFileType = wrapper.cfbundle; includeInIndex = 0; path = "UIImage与绘图UITests.xctest"; sourceTree = BUILT_PRODUCTS_DIR; };
		17A55A1322E5DA54004BBE84 /* UIImage___UITests.m */ = {isa = PBXFileReference; lastKnownFileType = sourcecode.c.objc; path = "UIImage___UITests.m"; sourceTree = "<group>"; };
		17A55A1522E5DA54004BBE84 /* Info.plist */ = {isa = PBXFileReference; lastKnownFileType = text.plist.xml; path = Info.plist; sourceTree = "<group>"; };
		17A55A2122E5DA90004BBE84 /* MainView.h */ = {isa = PBXFileReference; lastKnownFileType = sourcecode.c.h; path = MainView.h; sourceTree = "<group>"; };
		17A55A2222E5DA90004BBE84 /* MainView.m */ = {isa = PBXFileReference; lastKnownFileType = sourcecode.c.objc; path = MainView.m; sourceTree = "<group>"; };
		17A55A2422E5DC63004BBE84 /* 2.jpg */ = {isa = PBXFileReference; lastKnownFileType = image.jpeg; name = 2.jpg; path = ../../../../Downloads/2.jpg; sourceTree = "<group>"; };
		17A55A2622E5E0BB004BBE84 /* UIImage+MYImage.h */ = {isa = PBXFileReference; lastKnownFileType = sourcecode.c.h; path = "UIImage+MYImage.h"; sourceTree = "<group>"; };
		17A55A2722E5E0BB004BBE84 /* UIImage+MYImage.m */ = {isa = PBXFileReference; lastKnownFileType = sourcecode.c.objc; path = "UIImage+MYImage.m"; sourceTree = "<group>"; };
/* End PBXFileReference section */

/* Begin PBXFrameworksBuildPhase section */
		17A559E922E5DA52004BBE84 /* Frameworks */ = {
			isa = PBXFrameworksBuildPhase;
			buildActionMask = 2147483647;
			files = (
			);
			runOnlyForDeploymentPostprocessing = 0;
		};
		17A55A0122E5DA54004BBE84 /* Frameworks */ = {
			isa = PBXFrameworksBuildPhase;
			buildActionMask = 2147483647;
			files = (
			);
			runOnlyForDeploymentPostprocessing = 0;
		};
		17A55A0C22E5DA54004BBE84 /* Frameworks */ = {
			isa = PBXFrameworksBuildPhase;
			buildActionMask = 2147483647;
			files = (
			);
			runOnlyForDeploymentPostprocessing = 0;
		};
/* End PBXFrameworksBuildPhase section */

/* Begin PBXGroup section */
		17A559E322E5DA52004BBE84 = {
			isa = PBXGroup;
			children = (
				17A559EE22E5DA52004BBE84 /* UIImage与绘图 */,
				17A55A0722E5DA54004BBE84 /* UIImage与绘图Tests */,
				17A55A1222E5DA54004BBE84 /* UIImage与绘图UITests */,
				17A559ED22E5DA52004BBE84 /* Products */,
			);
			sourceTree = "<group>";
		};
		17A559ED22E5DA52004BBE84 /* Products */ = {
			isa = PBXGroup;
			children = (
				17A559EC22E5DA52004BBE84 /* UIImage与绘图.app */,
				17A55A0422E5DA54004BBE84 /* UIImage与绘图Tests.xctest */,
				17A55A0F22E5DA54004BBE84 /* UIImage与绘图UITests.xctest */,
			);
			name = Products;
			sourceTree = "<group>";
		};
		17A559EE22E5DA52004BBE84 /* UIImage与绘图 */ = {
			isa = PBXGroup;
			children = (
				17A559EF22E5DA52004BBE84 /* AppDelegate.h */,
				17A559F022E5DA52004BBE84 /* AppDelegate.m */,
				17A559F222E5DA52004BBE84 /* ViewController.h */,
				17A559F322E5DA52004BBE84 /* ViewController.m */,
				17A559F522E5DA52004BBE84 /* Main.storyboard */,
				17A559F822E5DA54004BBE84 /* Assets.xcassets */,
				17A559FA22E5DA54004BBE84 /* LaunchScreen.storyboard */,
				17A559FD22E5DA54004BBE84 /* Info.plist */,
				17A559FE22E5DA54004BBE84 /* main.m */,
				17A55A2122E5DA90004BBE84 /* MainView.h */,
				17A55A2222E5DA90004BBE84 /* MainView.m */,
				17A55A2422E5DC63004BBE84 /* 2.jpg */,
				17A55A2622E5E0BB004BBE84 /* UIImage+MYImage.h */,
				17A55A2722E5E0BB004BBE84 /* UIImage+MYImage.m */,
			);
			path = "UIImage与绘图";
			sourceTree = "<group>";
		};
		17A55A0722E5DA54004BBE84 /* UIImage与绘图Tests */ = {
			isa = PBXGroup;
			children = (
				17A55A0822E5DA54004BBE84 /* UIImage___Tests.m */,
				17A55A0A22E5DA54004BBE84 /* Info.plist */,
			);
			path = "UIImage与绘图Tests";
			sourceTree = "<group>";
		};
		17A55A1222E5DA54004BBE84 /* UIImage与绘图UITests */ = {
			isa = PBXGroup;
			children = (
				17A55A1322E5DA54004BBE84 /* UIImage___UITests.m */,
				17A55A1522E5DA54004BBE84 /* Info.plist */,
			);
			path = "UIImage与绘图UITests";
			sourceTree = "<group>";
		};
/* End PBXGroup section */

/* Begin PBXNativeTarget section */
		17A559EB22E5DA52004BBE84 /* UIImage与绘图 */ = {
			isa = PBXNativeTarget;
			buildConfigurationList = 17A55A1822E5DA54004BBE84 /* Build configuration list for PBXNativeTarget "UIImage与绘图" */;
			buildPhases = (
				17A559E822E5DA52004BBE84 /* Sources */,
				17A559E922E5DA52004BBE84 /* Frameworks */,
				17A559EA22E5DA52004BBE84 /* Resources */,
			);
			buildRules = (
			);
			dependencies = (
			);
			name = "UIImage与绘图";
			productName = "UIImage与绘图";
			productReference = 17A559EC22E5DA52004BBE84 /* UIImage与绘图.app */;
			productType = "com.apple.product-type.application";
		};
		17A55A0322E5DA54004BBE84 /* UIImage与绘图Tests */ = {
			isa = PBXNativeTarget;
			buildConfigurationList = 17A55A1B22E5DA54004BBE84 /* Build configuration list for PBXNativeTarget "UIImage与绘图Tests" */;
			buildPhases = (
				17A55A0022E5DA54004BBE84 /* Sources */,
				17A55A0122E5DA54004BBE84 /* Frameworks */,
				17A55A0222E5DA54004BBE84 /* Resources */,
			);
			buildRules = (
			);
			dependencies = (
				17A55A0622E5DA54004BBE84 /* PBXTargetDependency */,
			);
			name = "UIImage与绘图Tests";
			productName = "UIImage与绘图Tests";
			productReference = 17A55A0422E5DA54004BBE84 /* UIImage与绘图Tests.xctest */;
			productType = "com.apple.product-type.bundle.unit-test";
		};
		17A55A0E22E5DA54004BBE84 /* UIImage与绘图UITests */ = {
			isa = PBXNativeTarget;
			buildConfigurationList = 17A55A1E22E5DA54004BBE84 /* Build configuration list for PBXNativeTarget "UIImage与绘图UITests" */;
			buildPhases = (
				17A55A0B22E5DA54004BBE84 /* Sources */,
				17A55A0C22E5DA54004BBE84 /* Frameworks */,
				17A55A0D22E5DA54004BBE84 /* Resources */,
			);
			buildRules = (
			);
			dependencies = (
				17A55A1122E5DA54004BBE84 /* PBXTargetDependency */,
			);
			name = "UIImage与绘图UITests";
			productName = "UIImage与绘图UITests";
			productReference = 17A55A0F22E5DA54004BBE84 /* UIImage与绘图UITests.xctest */;
			productType = "com.apple.product-type.bundle.ui-testing";
		};
/* End PBXNativeTarget section */

/* Begin PBXProject section */
		17A559E422E5DA52004BBE84 /* Project object */ = {
			isa = PBXProject;
			attributes = {
				LastUpgradeCheck = 1010;
				ORGANIZATIONNAME = Shae;
				TargetAttributes = {
					17A559EB22E5DA52004BBE84 = {
						CreatedOnToolsVersion = 10.1;
					};
					17A55A0322E5DA54004BBE84 = {
						CreatedOnToolsVersion = 10.1;
						TestTargetID = 17A559EB22E5DA52004BBE84;
					};
					17A55A0E22E5DA54004BBE84 = {
						CreatedOnToolsVersion = 10.1;
						TestTargetID = 17A559EB22E5DA52004BBE84;
					};
				};
			};
			buildConfigurationList = 17A559E722E5DA52004BBE84 /* Build configuration list for PBXProject "UIImage与绘图" */;
			compatibilityVersion = "Xcode 9.3";
			developmentRegion = en;
			hasScannedForEncodings = 0;
			knownRegions = (
				en,
				Base,
			);
			mainGroup = 17A559E322E5DA52004BBE84;
			productRefGroup = 17A559ED22E5DA52004BBE84 /* Products */;
			projectDirPath = "";
			projectRoot = "";
			targets = (
				17A559EB22E5DA52004BBE84 /* UIImage与绘图 */,
				17A55A0322E5DA54004BBE84 /* UIImage与绘图Tests */,
				17A55A0E22E5DA54004BBE84 /* UIImage与绘图UITests */,
			);
		};
/* End PBXProject section */

/* Begin PBXResourcesBuildPhase section */
		17A559EA22E5DA52004BBE84 /* Resources */ = {
			isa = PBXResourcesBuildPhase;
			buildActionMask = 2147483647;
			files = (
				17A559FC22E5DA54004BBE84 /* LaunchScreen.storyboard in Resources */,
				17A559F922E5DA54004BBE84 /* Assets.xcassets in Resources */,
				17A55A2522E5DC64004BBE84 /* 2.jpg in Resources */,
				17A559F722E5DA52004BBE84 /* Main.storyboard in Resources */,
			);
			runOnlyForDeploymentPostprocessing = 0;
		};
		17A55A0222E5DA54004BBE84 /* Resources */ = {
			isa = PBXResourcesBuildPhase;
			buildActionMask = 2147483647;
			files = (
			);
			runOnlyForDeploymentPostprocessing = 0;
		};
		17A55A0D22E5DA54004BBE84 /* Resources */ = {
			isa = PBXResourcesBuildPhase;
			buildActionMask = 2147483647;
			files = (
			);
			runOnlyForDeploymentPostprocessing = 0;
		};
/* End PBXResourcesBuildPhase section */

/* Begin PBXSourcesBuildPhase section */
		17A559E822E5DA52004BBE84 /* Sources */ = {
			isa = PBXSourcesBuildPhase;
			buildActionMask = 2147483647;
			files = (
				17A55A2822E5E0BB004BBE84 /* UIImage+MYImage.m in Sources */,
				17A559F422E5DA52004BBE84 /* ViewController.m in Sources */,
				17A55A2322E5DA90004BBE84 /* MainView.m in Sources */,
				17A559FF22E5DA54004BBE84 /* main.m in Sources */,
				17A559F122E5DA52004BBE84 /* AppDelegate.m in Sources */,
			);
			runOnlyForDeploymentPostprocessing = 0;
		};
		17A55A0022E5DA54004BBE84 /* Sources */ = {
			isa = PBXSourcesBuildPhase;
			buildActionMask = 2147483647;
			files = (
				17A55A0922E5DA54004BBE84 /* UIImage___Tests.m in Sources */,
			);
			runOnlyForDeploymentPostprocessing = 0;
		};
		17A55A0B22E5DA54004BBE84 /* Sources */ = {
			isa = PBXSourcesBuildPhase;
			buildActionMask = 2147483647;
			files = (
				17A55A1422E5DA54004BBE84 /* UIImage___UITests.m in Sources */,
			);
			runOnlyForDeploymentPostprocessing = 0;
		};
/* End PBXSourcesBuildPhase section */

/* Begin PBXTargetDependency section */
		17A55A0622E5DA54004BBE84 /* PBXTargetDependency */ = {
			isa = PBXTargetDependency;
			target = 17A559EB22E5DA52004BBE84 /* UIImage与绘图 */;
			targetProxy = 17A55A0522E5DA54004BBE84 /* PBXContainerItemProxy */;
		};
		17A55A1122E5DA54004BBE84 /* PBXTargetDependency */ = {
			isa = PBXTargetDependency;
			target = 17A559EB22E5DA52004BBE84 /* UIImage与绘图 */;
			targetProxy = 17A55A1022E5DA54004BBE84 /* PBXContainerItemProxy */;
		};
/* End PBXTargetDependency section */

/* Begin PBXVariantGroup section */
		17A559F522E5DA52004BBE84 /* Main.storyboard */ = {
			isa = PBXVariantGroup;
			children = (
				17A559F622E5DA52004BBE84 /* Base */,
			);
			name = Main.storyboard;
			sourceTree = "<group>";
		};
		17A559FA22E5DA54004BBE84 /* LaunchScreen.storyboard */ = {
			isa = PBXVariantGroup;
			children = (
				17A559FB22E5DA54004BBE84 /* Base */,
			);
			name = LaunchScreen.storyboard;
			sourceTree = "<group>";
		};
/* End PBXVariantGroup section */

/* Begin XCBuildConfiguration section */
		17A55A1622E5DA54004BBE84 /* Debug */ = {
			isa = XCBuildConfiguration;
			buildSettings = {
				ALWAYS_SEARCH_USER_PATHS = NO;
				CLANG_ANALYZER_NONNULL = YES;
				CLANG_ANALYZER_NUMBER_OBJECT_CONVERSION = YES_AGGRESSIVE;
				CLANG_CXX_LANGUAGE_STANDARD = "gnu++14";
				CLANG_CXX_LIBRARY = "libc++";
				CLANG_ENABLE_MODULES = YES;
				CLANG_ENABLE_OBJC_ARC = YES;
				CLANG_ENABLE_OBJC_WEAK = YES;
				CLANG_WARN_BLOCK_CAPTURE_AUTORELEASING = YES;
				CLANG_WARN_BOOL_CONVERSION = YES;
				CLANG_WARN_COMMA = YES;
				CLANG_WARN_CONSTANT_CONVERSION = YES;
				CLANG_WARN_DEPRECATED_OBJC_IMPLEMENTATIONS = YES;
				CLANG_WARN_DIRECT_OBJC_ISA_USAGE = YES_ERROR;
				CLANG_WARN_DOCUMENTATION_COMMENTS = YES;
				CLANG_WARN_EMPTY_BODY = YES;
				CLANG_WARN_ENUM_CONVERSION = YES;
				CLANG_WARN_INFINITE_RECURSION = YES;
				CLANG_WARN_INT_CONVERSION = YES;
				CLANG_WARN_NON_LITERAL_NULL_CONVERSION = YES;
				CLANG_WARN_OBJC_IMPLICIT_RETAIN_SELF = YES;
				CLANG_WARN_OBJC_LITERAL_CONVERSION = YES;
				CLANG_WARN_OBJC_ROOT_CLASS = YES_ERROR;
				CLANG_WARN_RANGE_LOOP_ANALYSIS = YES;
				CLANG_WARN_STRICT_PROTOTYPES = YES;
				CLANG_WARN_SUSPICIOUS_MOVE = YES;
				CLANG_WARN_UNGUARDED_AVAILABILITY = YES_AGGRESSIVE;
				CLANG_WARN_UNREACHABLE_CODE = YES;
				CLANG_WARN__DUPLICATE_METHOD_MATCH = YES;
				CODE_SIGN_IDENTITY = "iPhone Developer";
				COPY_PHASE_STRIP = NO;
				DEBUG_INFORMATION_FORMAT = dwarf;
				ENABLE_STRICT_OBJC_MSGSEND = YES;
				ENABLE_TESTABILITY = YES;
				GCC_C_LANGUAGE_STANDARD = gnu11;
				GCC_DYNAMIC_NO_PIC = NO;
				GCC_NO_COMMON_BLOCKS = YES;
				GCC_OPTIMIZATION_LEVEL = 0;
				GCC_PREPROCESSOR_DEFINITIONS = (
					"DEBUG=1",
					"$(inherited)",
				);
				GCC_WARN_64_TO_32_BIT_CONVERSION = YES;
				GCC_WARN_ABOUT_RETURN_TYPE = YES_ERROR;
				GCC_WARN_UNDECLARED_SELECTOR = YES;
				GCC_WARN_UNINITIALIZED_AUTOS = YES_AGGRESSIVE;
				GCC_WARN_UNUSED_FUNCTION = YES;
				GCC_WARN_UNUSED_VARIABLE = YES;
				IPHONEOS_DEPLOYMENT_TARGET = 12.1;
				MTL_ENABLE_DEBUG_INFO = INCLUDE_SOURCE;
				MTL_FAST_MATH = YES;
				ONLY_ACTIVE_ARCH = YES;
				SDKROOT = iphoneos;
			};
			name = Debug;
		};
		17A55A1722E5DA54004BBE84 /* Release */ = {
			isa = XCBuildConfiguration;
			buildSettings = {
				ALWAYS_SEARCH_USER_PATHS = NO;
				CLANG_ANALYZER_NONNULL = YES;
				CLANG_ANALYZER_NUMBER_OBJECT_CONVERSION = YES_AGGRESSIVE;
				CLANG_CXX_LANGUAGE_STANDARD = "gnu++14";
				CLANG_CXX_LIBRARY = "libc++";
				CLANG_ENABLE_MODULES = YES;
				CLANG_ENABLE_OBJC_ARC = YES;
				CLANG_ENABLE_OBJC_WEAK = YES;
				CLANG_WARN_BLOCK_CAPTURE_AUTORELEASING = YES;
				CLANG_WARN_BOOL_CONVERSION = YES;
				CLANG_WARN_COMMA = YES;
				CLANG_WARN_CONSTANT_CONVERSION = YES;
				CLANG_WARN_DEPRECATED_OBJC_IMPLEMENTATIONS = YES;
				CLANG_WARN_DIRECT_OBJC_ISA_USAGE = YES_ERROR;
				CLANG_WARN_DOCUMENTATION_COMMENTS = YES;
				CLANG_WARN_EMPTY_BODY = YES;
				CLANG_WARN_ENUM_CONVERSION = YES;
				CLANG_WARN_INFINITE_RECURSION = YES;
				CLANG_WARN_INT_CONVERSION = YES;
				CLANG_WARN_NON_LITERAL_NULL_CONVERSION = YES;
				CLANG_WARN_OBJC_IMPLICIT_RETAIN_SELF = YES;
				CLANG_WARN_OBJC_LITERAL_CONVERSION = YES;
				CLANG_WARN_OBJC_ROOT_CLASS = YES_ERROR;
				CLANG_WARN_RANGE_LOOP_ANALYSIS = YES;
				CLANG_WARN_STRICT_PROTOTYPES = YES;
				CLANG_WARN_SUSPICIOUS_MOVE = YES;
				CLANG_WARN_UNGUARDED_AVAILABILITY = YES_AGGRESSIVE;
				CLANG_WARN_UNREACHABLE_CODE = YES;
				CLANG_WARN__DUPLICATE_METHOD_MATCH = YES;
				CODE_SIGN_IDENTITY = "iPhone Developer";
				COPY_PHASE_STRIP = NO;
				DEBUG_INFORMATION_FORMAT = "dwarf-with-dsym";
				ENABLE_NS_ASSERTIONS = NO;
				ENABLE_STRICT_OBJC_MSGSEND = YES;
				GCC_C_LANGUAGE_STANDARD = gnu11;
				GCC_NO_COMMON_BLOCKS = YES;
				GCC_WARN_64_TO_32_BIT_CONVERSION = YES;
				GCC_WARN_ABOUT_RETURN_TYPE = YES_ERROR;
				GCC_WARN_UNDECLARED_SELECTOR = YES;
				GCC_WARN_UNINITIALIZED_AUTOS = YES_AGGRESSIVE;
				GCC_WARN_UNUSED_FUNCTION = YES;
				GCC_WARN_UNUSED_VARIABLE = YES;
				IPHONEOS_DEPLOYMENT_TARGET = 12.1;
				MTL_ENABLE_DEBUG_INFO = NO;
				MTL_FAST_MATH = YES;
				SDKROOT = iphoneos;
				VALIDATE_PRODUCT = YES;
			};
			name = Release;
		};
		17A55A1922E5DA54004BBE84 /* Debug */ = {
			isa = XCBuildConfiguration;
			buildSettings = {
				ASSETCATALOG_COMPILER_APPICON_NAME = AppIcon;
				CODE_SIGN_STYLE = Automatic;
				INFOPLIST_FILE = "UIImage与绘图/Info.plist";
				LD_RUNPATH_SEARCH_PATHS = (
					"$(inherited)",
					"@executable_path/Frameworks",
				);
				PRODUCT_BUNDLE_IDENTIFIER = "Shae.UIImage---";
				PRODUCT_NAME = "$(TARGET_NAME)";
				TARGETED_DEVICE_FAMILY = "1,2";
			};
			name = Debug;
		};
		17A55A1A22E5DA54004BBE84 /* Release */ = {
			isa = XCBuildConfiguration;
			buildSettings = {
				ASSETCATALOG_COMPILER_APPICON_NAME = AppIcon;
				CODE_SIGN_STYLE = Automatic;
				INFOPLIST_FILE = "UIImage与绘图/Info.plist";
				LD_RUNPATH_SEARCH_PATHS = (
					"$(inherited)",
					"@executable_path/Frameworks",
				);
				PRODUCT_BUNDLE_IDENTIFIER = "Shae.UIImage---";
				PRODUCT_NAME = "$(TARGET_NAME)";
				TARGETED_DEVICE_FAMILY = "1,2";
			};
			name = Release;
		};
		17A55A1C22E5DA54004BBE84 /* Debug */ = {
			isa = XCBuildConfiguration;
			buildSettings = {
				BUNDLE_LOADER = "$(TEST_HOST)";
				CODE_SIGN_STYLE = Automatic;
				INFOPLIST_FILE = "UIImage与绘图Tests/Info.plist";
				LD_RUNPATH_SEARCH_PATHS = (
					"$(inherited)",
					"@executable_path/Frameworks",
					"@loader_path/Frameworks",
				);
				PRODUCT_BUNDLE_IDENTIFIER = "Shae.UIImage---Tests";
				PRODUCT_NAME = "$(TARGET_NAME)";
				TARGETED_DEVICE_FAMILY = "1,2";
				TEST_HOST = "$(BUILT_PRODUCTS_DIR)/UIImage与绘图.app/UIImage与绘图";
			};
			name = Debug;
		};
		17A55A1D22E5DA54004BBE84 /* Release */ = {
			isa = XCBuildConfiguration;
			buildSettings = {
				BUNDLE_LOADER = "$(TEST_HOST)";
				CODE_SIGN_STYLE = Automatic;
				INFOPLIST_FILE = "UIImage与绘图Tests/Info.plist";
				LD_RUNPATH_SEARCH_PATHS = (
					"$(inherited)",
					"@executable_path/Frameworks",
					"@loader_path/Frameworks",
				);
				PRODUCT_BUNDLE_IDENTIFIER = "Shae.UIImage---Tests";
				PRODUCT_NAME = "$(TARGET_NAME)";
				TARGETED_DEVICE_FAMILY = "1,2";
				TEST_HOST = "$(BUILT_PRODUCTS_DIR)/UIImage与绘图.app/UIImage与绘图";
			};
			name = Release;
		};
		17A55A1F22E5DA54004BBE84 /* Debug */ = {
			isa = XCBuildConfiguration;
			buildSettings = {
				CODE_SIGN_STYLE = Automatic;
				INFOPLIST_FILE = "UIImage与绘图UITests/Info.plist";
				LD_RUNPATH_SEARCH_PATHS = (
					"$(inherited)",
					"@executable_path/Frameworks",
					"@loader_path/Frameworks",
				);
				PRODUCT_BUNDLE_IDENTIFIER = "Shae.UIImage---UITests";
				PRODUCT_NAME = "$(TARGET_NAME)";
				TARGETED_DEVICE_FAMILY = "1,2";
				TEST_TARGET_NAME = "UIImage与绘图";
			};
			name = Debug;
		};
		17A55A2022E5DA54004BBE84 /* Release */ = {
			isa = XCBuildConfiguration;
			buildSettings = {
				CODE_SIGN_STYLE = Automatic;
				INFOPLIST_FILE = "UIImage与绘图UITests/Info.plist";
				LD_RUNPATH_SEARCH_PATHS = (
					"$(inherited)",
					"@executable_path/Frameworks",
					"@loader_path/Frameworks",
				);
				PRODUCT_BUNDLE_IDENTIFIER = "Shae.UIImage---UITests";
				PRODUCT_NAME = "$(TARGET_NAME)";
				TARGETED_DEVICE_FAMILY = "1,2";
				TEST_TARGET_NAME = "UIImage与绘图";
			};
			name = Release;
		};
/* End XCBuildConfiguration section */

/* Begin XCConfigurationList section */
		17A559E722E5DA52004BBE84 /* Build configuration list for PBXProject "UIImage与绘图" */ = {
			isa = XCConfigurationList;
			buildConfigurations = (
				17A55A1622E5DA54004BBE84 /* Debug */,
				17A55A1722E5DA54004BBE84 /* Release */,
			);
			defaultConfigurationIsVisible = 0;
			defaultConfigurationName = Release;
		};
		17A55A1822E5DA54004BBE84 /* Build configuration list for PBXNativeTarget "UIImage与绘图" */ = {
			isa = XCConfigurationList;
			buildConfigurations = (
				17A55A1922E5DA54004BBE84 /* Debug */,
				17A55A1A22E5DA54004BBE84 /* Release */,
			);
			defaultConfigurationIsVisible = 0;
			defaultConfigurationName = Release;
		};
		17A55A1B22E5DA54004BBE84 /* Build configuration list for PBXNativeTarget "UIImage与绘图Tests" */ = {
			isa = XCConfigurationList;
			buildConfigurations = (
				17A55A1C22E5DA54004BBE84 /* Debug */,
				17A55A1D22E5DA54004BBE84 /* Release */,
			);
			defaultConfigurationIsVisible = 0;
			defaultConfigurationName = Release;
		};
		17A55A1E22E5DA54004BBE84 /* Build configuration list for PBXNativeTarget "UIImage与绘图UITests" */ = {
			isa = XCConfigurationList;
			buildConfigurations = (
				17A55A1F22E5DA54004BBE84 /* Debug */,
				17A55A2022E5DA54004BBE84 /* Release */,
			);
			defaultConfigurationIsVisible = 0;
			defaultConfigurationName = Release;
		};
/* End XCConfigurationList section */
	};
	rootObject = 17A559E422E5DA52004BBE84 /* Project object */;
}
